// !$*UTF8*$!
{
	archiveVersion = 1;
	classes = {
	};
	objectVersion = 46;
	objects = {

/* Begin PBXBuildFile section */
		57F1DE8B1E547A2C007FAA36 /* main.m in Sources */ = {isa = PBXBuildFile; fileRef = 57F1DE8A1E547A2C007FAA36 /* main.m */; };
		57F1DE8E1E547A2C007FAA36 /* AppDelegate.m in Sources */ = {isa = PBXBuildFile; fileRef = 57F1DE8D1E547A2C007FAA36 /* AppDelegate.m */; };
		57F1DE911E547A2C007FAA36 /* ViewController.m in Sources */ = {isa = PBXBuildFile; fileRef = 57F1DE901E547A2C007FAA36 /* ViewController.m */; };
		57F1DE941E547A2C007FAA36 /* Main.storyboard in Resources */ = {isa = PBXBuildFile; fileRef = 57F1DE921E547A2C007FAA36 /* Main.storyboard */; };
		57F1DE961E547A2C007FAA36 /* Assets.xcassets in Resources */ = {isa = PBXBuildFile; fileRef = 57F1DE951E547A2C007FAA36 /* Assets.xcassets */; };
		57F1DE991E547A2C007FAA36 /* LaunchScreen.storyboard in Resources */ = {isa = PBXBuildFile; fileRef = 57F1DE971E547A2C007FAA36 /* LaunchScreen.storyboard */; };
		57F1DEA41E547A2C007FAA36 /* ViewMakeScrollMenuTests.m in Sources */ = {isa = PBXBuildFile; fileRef = 57F1DEA31E547A2C007FAA36 /* ViewMakeScrollMenuTests.m */; };
		57F1DEAF1E547A2C007FAA36 /* ViewMakeScrollMenuUITests.m in Sources */ = {isa = PBXBuildFile; fileRef = 57F1DEAE1E547A2C007FAA36 /* ViewMakeScrollMenuUITests.m */; };
		57F1DEC41E547A9B007FAA36 /* btn_navigation_close@2x.png in Resources */ = {isa = PBXBuildFile; fileRef = 57F1DEBD1E547A9B007FAA36 /* btn_navigation_close@2x.png */; };
		57F1DEC51E547A9B007FAA36 /* XBYIndicatorView.m in Sources */ = {isa = PBXBuildFile; fileRef = 57F1DEBF1E547A9B007FAA36 /* XBYIndicatorView.m */; };
		57F1DEC61E547A9B007FAA36 /* XBYPopupMenuView.m in Sources */ = {isa = PBXBuildFile; fileRef = 57F1DEC11E547A9B007FAA36 /* XBYPopupMenuView.m */; };
		57F1DEC71E547A9B007FAA36 /* XBYScrollerMenuView.m in Sources */ = {isa = PBXBuildFile; fileRef = 57F1DEC31E547A9B007FAA36 /* XBYScrollerMenuView.m */; };
/* End PBXBuildFile section */

/* Begin PBXContainerItemProxy section */
		57F1DEA01E547A2C007FAA36 /* PBXContainerItemProxy */ = {
			isa = PBXContainerItemProxy;
			containerPortal = 57F1DE7E1E547A2C007FAA36 /* Project object */;
			proxyType = 1;
			remoteGlobalIDString = 57F1DE851E547A2C007FAA36;
			remoteInfo = ViewMakeScrollMenu;
		};
		57F1DEAB1E547A2C007FAA36 /* PBXContainerItemProxy */ = {
			isa = PBXContainerItemProxy;
			containerPortal = 57F1DE7E1E547A2C007FAA36 /* Project object */;
			proxyType = 1;
			remoteGlobalIDString = 57F1DE851E547A2C007FAA36;
			remoteInfo = ViewMakeScrollMenu;
		};
/* End PBXContainerItemProxy section */

/* Begin PBXFileReference section */
		57F1DE861E547A2C007FAA36 /* ViewMakeScrollMenu.app */ = {isa = PBXFileReference; explicitFileType = wrapper.application; includeInIndex = 0; path = ViewMakeScrollMenu.app; sourceTree = BUILT_PRODUCTS_DIR; };
		57F1DE8A1E547A2C007FAA36 /* main.m */ = {isa = PBXFileReference; lastKnownFileType = sourcecode.c.objc; path = main.m; sourceTree = "<group>"; };
		57F1DE8C1E547A2C007FAA36 /* AppDelegate.h */ = {isa = PBXFileReference; lastKnownFileType = sourcecode.c.h; path = AppDelegate.h; sourceTree = "<group>"; };
		57F1DE8D1E547A2C007FAA36 /* AppDelegate.m */ = {isa = PBXFileReference; lastKnownFileType = sourcecode.c.objc; path = AppDelegate.m; sourceTree = "<group>"; };
		57F1DE8F1E547A2C007FAA36 /* ViewController.h */ = {isa = PBXFileReference; lastKnownFileType = sourcecode.c.h; path = ViewController.h; sourceTree = "<group>"; };
		57F1DE901E547A2C007FAA36 /* ViewController.m */ = {isa = PBXFileReference; lastKnownFileType = sourcecode.c.objc; path = ViewController.m; sourceTree = "<group>"; };
		57F1DE931E547A2C007FAA36 /* Base */ = {isa = PBXFileReference; lastKnownFileType = file.storyboard; name = Base; path = Base.lproj/Main.storyboard; sourceTree = "<group>"; };
		57F1DE951E547A2C007FAA36 /* Assets.xcassets */ = {isa = PBXFileReference; lastKnownFileType = folder.assetcatalog; path = Assets.xcassets; sourceTree = "<group>"; };
		57F1DE981E547A2C007FAA36 /* Base */ = {isa = PBXFileReference; lastKnownFileType = file.storyboard; name = Base; path = Base.lproj/LaunchScreen.storyboard; sourceTree = "<group>"; };
		57F1DE9A1E547A2C007FAA36 /* Info.plist */ = {isa = PBXFileReference; lastKnownFileType = text.plist.xml; path = Info.plist; sourceTree = "<group>"; };
		57F1DE9F1E547A2C007FAA36 /* ViewMakeScrollMenuTests.xctest */ = {isa = PBXFileReference; explicitFileType = wrapper.cfbundle; includeInIndex = 0; path = ViewMakeScrollMenuTests.xctest; sourceTree = BUILT_PRODUCTS_DIR; };
		57F1DEA31E547A2C007FAA36 /* ViewMakeScrollMenuTests.m */ = {isa = PBXFileReference; lastKnownFileType = sourcecode.c.objc; path = ViewMakeScrollMenuTests.m; sourceTree = "<group>"; };
		57F1DEA51E547A2C007FAA36 /* Info.plist */ = {isa = PBXFileReference; lastKnownFileType = text.plist.xml; path = Info.plist; sourceTree = "<group>"; };
		57F1DEAA1E547A2C007FAA36 /* ViewMakeScrollMenuUITests.xctest */ = {isa = PBXFileReference; explicitFileType = wrapper.cfbundle; includeInIndex = 0; path = ViewMakeScrollMenuUITests.xctest; sourceTree = BUILT_PRODUCTS_DIR; };
		57F1DEAE1E547A2C007FAA36 /* ViewMakeScrollMenuUITests.m */ = {isa = PBXFileReference; lastKnownFileType = sourcecode.c.objc; path = ViewMakeScrollMenuUITests.m; sourceTree = "<group>"; };
		57F1DEB01E547A2C007FAA36 /* Info.plist */ = {isa = PBXFileReference; lastKnownFileType = text.plist.xml; path = Info.plist; sourceTree = "<group>"; };
		57F1DEBD1E547A9B007FAA36 /* btn_navigation_close@2x.png */ = {isa = PBXFileReference; lastKnownFileType = image.png; path = "btn_navigation_close@2x.png"; sourceTree = "<group>"; };
		57F1DEBE1E547A9B007FAA36 /* XBYIndicatorView.h */ = {isa = PBXFileReference; fileEncoding = 4; lastKnownFileType = sourcecode.c.h; path = XBYIndicatorView.h; sourceTree = "<group>"; };
		57F1DEBF1E547A9B007FAA36 /* XBYIndicatorView.m */ = {isa = PBXFileReference; fileEncoding = 4; lastKnownFileType = sourcecode.c.objc; path = XBYIndicatorView.m; sourceTree = "<group>"; };
		57F1DEC01E547A9B007FAA36 /* XBYPopupMenuView.h */ = {isa = PBXFileReference; fileEncoding = 4; lastKnownFileType = sourcecode.c.h; path = XBYPopupMenuView.h; sourceTree = "<group>"; };
		57F1DEC11E547A9B007FAA36 /* XBYPopupMenuView.m */ = {isa = PBXFileReference; fileEncoding = 4; lastKnownFileType = sourcecode.c.objc; path = XBYPopupMenuView.m; sourceTree = "<group>"; };
		57F1DEC21E547A9B007FAA36 /* XBYScrollerMenuView.h */ = {isa = PBXFileReference; fileEncoding = 4; lastKnownFileType = sourcecode.c.h; path = XBYScrollerMenuView.h; sourceTree = "<group>"; };
		57F1DEC31E547A9B007FAA36 /* XBYScrollerMenuView.m */ = {isa = PBXFileReference; fileEncoding = 4; lastKnownFileType = sourcecode.c.objc; path = XBYScrollerMenuView.m; sourceTree = "<group>"; };
/* End PBXFileReference section */

/* Begin PBXFrameworksBuildPhase section */
		57F1DE831E547A2C007FAA36 /* Frameworks */ = {
			isa = PBXFrameworksBuildPhase;
			buildActionMask = 2147483647;
			files = (
			);
			runOnlyForDeploymentPostprocessing = 0;
		};
		57F1DE9C1E547A2C007FAA36 /* Frameworks */ = {
			isa = PBXFrameworksBuildPhase;
			buildActionMask = 2147483647;
			files = (
			);
			runOnlyForDeploymentPostprocessing = 0;
		};
		57F1DEA71E547A2C007FAA36 /* Frameworks */ = {
			isa = PBXFrameworksBuildPhase;
			buildActionMask = 2147483647;
			files = (
			);
			runOnlyForDeploymentPostprocessing = 0;
		};
/* End PBXFrameworksBuildPhase section */

/* Begin PBXGroup section */
		57F1DE7D1E547A2C007FAA36 = {
			isa = PBXGroup;
			children = (
				57F1DE881E547A2C007FAA36 /* ViewMakeScrollMenu */,
				57F1DEA21E547A2C007FAA36 /* ViewMakeScrollMenuTests */,
				57F1DEAD1E547A2C007FAA36 /* ViewMakeScrollMenuUITests */,
				57F1DE871E547A2C007FAA36 /* Products */,
			);
			sourceTree = "<group>";
		};
		57F1DE871E547A2C007FAA36 /* Products */ = {
			isa = PBXGroup;
			children = (
				57F1DE861E547A2C007FAA36 /* ViewMakeScrollMenu.app */,
				57F1DE9F1E547A2C007FAA36 /* ViewMakeScrollMenuTests.xctest */,
				57F1DEAA1E547A2C007FAA36 /* ViewMakeScrollMenuUITests.xctest */,
			);
			name = Products;
			sourceTree = "<group>";
		};
		57F1DE881E547A2C007FAA36 /* ViewMakeScrollMenu */ = {
			isa = PBXGroup;
			children = (
				57F1DEBC1E547A82007FAA36 /* XBYScrollerMenuView */,
				57F1DE8C1E547A2C007FAA36 /* AppDelegate.h */,
				57F1DE8D1E547A2C007FAA36 /* AppDelegate.m */,
				57F1DE8F1E547A2C007FAA36 /* ViewController.h */,
				57F1DE901E547A2C007FAA36 /* ViewController.m */,
				57F1DE921E547A2C007FAA36 /* Main.storyboard */,
				57F1DE951E547A2C007FAA36 /* Assets.xcassets */,
				57F1DE971E547A2C007FAA36 /* LaunchScreen.storyboard */,
				57F1DE9A1E547A2C007FAA36 /* Info.plist */,
				57F1DE891E547A2C007FAA36 /* Supporting Files */,
			);
			path = ViewMakeScrollMenu;
			sourceTree = "<group>";
		};
		57F1DE891E547A2C007FAA36 /* Supporting Files */ = {
			isa = PBXGroup;
			children = (
				57F1DE8A1E547A2C007FAA36 /* main.m */,
			);
			name = "Supporting Files";
			sourceTree = "<group>";
		};
		57F1DEA21E547A2C007FAA36 /* ViewMakeScrollMenuTests */ = {
			isa = PBXGroup;
			children = (
				57F1DEA31E547A2C007FAA36 /* ViewMakeScrollMenuTests.m */,
				57F1DEA51E547A2C007FAA36 /* Info.plist */,
			);
			path = ViewMakeScrollMenuTests;
			sourceTree = "<group>";
		};
		57F1DEAD1E547A2C007FAA36 /* ViewMakeScrollMenuUITests */ = {
			isa = PBXGroup;
			children = (
				57F1DEAE1E547A2C007FAA36 /* ViewMakeScrollMenuUITests.m */,
				57F1DEB01E547A2C007FAA36 /* Info.plist */,
			);
			path = ViewMakeScrollMenuUITests;
			sourceTree = "<group>";
		};
		57F1DEBC1E547A82007FAA36 /* XBYScrollerMenuView */ = {
			isa = PBXGroup;
			children = (
				57F1DEBD1E547A9B007FAA36 /* btn_navigation_close@2x.png */,
				57F1DEBE1E547A9B007FAA36 /* XBYIndicatorView.h */,
				57F1DEBF1E547A9B007FAA36 /* XBYIndicatorView.m */,
				57F1DEC01E547A9B007FAA36 /* XBYPopupMenuView.h */,
				57F1DEC11E547A9B007FAA36 /* XBYPopupMenuView.m */,
				57F1DEC21E547A9B007FAA36 /* XBYScrollerMenuView.h */,
				57F1DEC31E547A9B007FAA36 /* XBYScrollerMenuView.m */,
			);
			path = XBYScrollerMenuView;
			sourceTree = "<group>";
		};
/* End PBXGroup section */

/* Begin PBXNativeTarget section */
		57F1DE851E547A2C007FAA36 /* ViewMakeScrollMenu */ = {
			isa = PBXNativeTarget;
			buildConfigurationList = 57F1DEB31E547A2C007FAA36 /* Build configuration list for PBXNativeTarget "ViewMakeScrollMenu" */;
			buildPhases = (
				57F1DE821E547A2C007FAA36 /* Sources */,
				57F1DE831E547A2C007FAA36 /* Frameworks */,
				57F1DE841E547A2C007FAA36 /* Resources */,
			);
			buildRules = (
			);
			dependencies = (
			);
			name = ViewMakeScrollMenu;
			productName = ViewMakeScrollMenu;
			productReference = 57F1DE861E547A2C007FAA36 /* ViewMakeScrollMenu.app */;
			productType = "com.apple.product-type.application";
		};
		57F1DE9E1E547A2C007FAA36 /* ViewMakeScrollMenuTests */ = {
			isa = PBXNativeTarget;
			buildConfigurationList = 57F1DEB61E547A2C007FAA36 /* Build configuration list for PBXNativeTarget "ViewMakeScrollMenuTests" */;
			buildPhases = (
				57F1DE9B1E547A2C007FAA36 /* Sources */,
				57F1DE9C1E547A2C007FAA36 /* Frameworks */,
				57F1DE9D1E547A2C007FAA36 /* Resources */,
			);
			buildRules = (
			);
			dependencies = (
				57F1DEA11E547A2C007FAA36 /* PBXTargetDependency */,
			);
			name = ViewMakeScrollMenuTests;
			productName = ViewMakeScrollMenuTests;
			productReference = 57F1DE9F1E547A2C007FAA36 /* ViewMakeScrollMenuTests.xctest */;
			productType = "com.apple.product-type.bundle.unit-test";
		};
		57F1DEA91E547A2C007FAA36 /* ViewMakeScrollMenuUITests */ = {
			isa = PBXNativeTarget;
			buildConfigurationList = 57F1DEB91E547A2C007FAA36 /* Build configuration list for PBXNativeTarget "ViewMakeScrollMenuUITests" */;
			buildPhases = (
				57F1DEA61E547A2C007FAA36 /* Sources */,
				57F1DEA71E547A2C007FAA36 /* Frameworks */,
				57F1DEA81E547A2C007FAA36 /* Resources */,
			);
			buildRules = (
			);
			dependencies = (
				57F1DEAC1E547A2C007FAA36 /* PBXTargetDependency */,
			);
			name = ViewMakeScrollMenuUITests;
			productName = ViewMakeScrollMenuUITests;
			productReference = 57F1DEAA1E547A2C007FAA36 /* ViewMakeScrollMenuUITests.xctest */;
			productType = "com.apple.product-type.bundle.ui-testing";
		};
/* End PBXNativeTarget section */

/* Begin PBXProject section */
		57F1DE7E1E547A2C007FAA36 /* Project object */ = {
			isa = PBXProject;
			attributes = {
				LastUpgradeCheck = 0820;
				ORGANIZATIONNAME = xby;
				TargetAttributes = {
					57F1DE851E547A2C007FAA36 = {
						CreatedOnToolsVersion = 8.2;
						DevelopmentTeam = E469FWXAAY;
						ProvisioningStyle = Automatic;
					};
					57F1DE9E1E547A2C007FAA36 = {
						CreatedOnToolsVersion = 8.2;
						DevelopmentTeam = E469FWXAAY;
						ProvisioningStyle = Automatic;
						TestTargetID = 57F1DE851E547A2C007FAA36;
					};
					57F1DEA91E547A2C007FAA36 = {
						CreatedOnToolsVersion = 8.2;
						DevelopmentTeam = E469FWXAAY;
						ProvisioningStyle = Automatic;
						TestTargetID = 57F1DE851E547A2C007FAA36;
					};
				};
			};
			buildConfigurationList = 57F1DE811E547A2C007FAA36 /* Build configuration list for PBXProject "ViewMakeScrollMenu" */;
			compatibilityVersion = "Xcode 3.2";
			developmentRegion = English;
			hasScannedForEncodings = 0;
			knownRegions = (
				en,
				Base,
			);
			mainGroup = 57F1DE7D1E547A2C007FAA36;
			productRefGroup = 57F1DE871E547A2C007FAA36 /* Products */;
			projectDirPath = "";
			projectRoot = "";
			targets = (
				57F1DE851E547A2C007FAA36 /* ViewMakeScrollMenu */,
				57F1DE9E1E547A2C007FAA36 /* ViewMakeScrollMenuTests */,
				57F1DEA91E547A2C007FAA36 /* ViewMakeScrollMenuUITests */,
			);
		};
/* End PBXProject section */

/* Begin PBXResourcesBuildPhase section */
		57F1DE841E547A2C007FAA36 /* Resources */ = {
			isa = PBXResourcesBuildPhase;
			buildActionMask = 2147483647;
			files = (
				57F1DEC41E547A9B007FAA36 /* btn_navigation_close@2x.png in Resources */,
				57F1DE991E547A2C007FAA36 /* LaunchScreen.storyboard in Resources */,
				57F1DE961E547A2C007FAA36 /* Assets.xcassets in Resources */,
				57F1DE941E547A2C007FAA36 /* Main.storyboard in Resources */,
			);
			runOnlyForDeploymentPostprocessing = 0;
		};
		57F1DE9D1E547A2C007FAA36 /* Resources */ = {
			isa = PBXResourcesBuildPhase;
			buildActionMask = 2147483647;
			files = (
			);
			runOnlyForDeploymentPostprocessing = 0;
		};
		57F1DEA81E547A2C007FAA36 /* Resources */ = {
			isa = PBXResourcesBuildPhase;
			buildActionMask = 2147483647;
			files = (
			);
			runOnlyForDeploymentPostprocessing = 0;
		};
/* End PBXResourcesBuildPhase section */

/* Begin PBXSourcesBuildPhase section */
		57F1DE821E547A2C007FAA36 /* Sources */ = {
			isa = PBXSourcesBuildPhase;
			buildActionMask = 2147483647;
			files = (
				57F1DE911E547A2C007FAA36 /* ViewController.m in Sources */,
				57F1DEC61E547A9B007FAA36 /* XBYPopupMenuView.m in Sources */,
				57F1DEC51E547A9B007FAA36 /* XBYIndicatorView.m in Sources */,
				57F1DE8E1E547A2C007FAA36 /* AppDelegate.m in Sources */,
				57F1DEC71E547A9B007FAA36 /* XBYScrollerMenuView.m in Sources */,
				57F1DE8B1E547A2C007FAA36 /* main.m in Sources */,
			);
			runOnlyForDeploymentPostprocessing = 0;
		};
		57F1DE9B1E547A2C007FAA36 /* Sources */ = {
			isa = PBXSourcesBuildPhase;
			buildActionMask = 2147483647;
			files = (
				57F1DEA41E547A2C007FAA36 /* ViewMakeScrollMenuTests.m in Sources */,
			);
			runOnlyForDeploymentPostprocessing = 0;
		};
		57F1DEA61E547A2C007FAA36 /* Sources */ = {
			isa = PBXSourcesBuildPhase;
			buildActionMask = 2147483647;
			files = (
				57F1DEAF1E547A2C007FAA36 /* ViewMakeScrollMenuUITests.m in Sources */,
			);
			runOnlyForDeploymentPostprocessing = 0;
		};
/* End PBXSourcesBuildPhase section */

/* Begin PBXTargetDependency section */
		57F1DEA11E547A2C007FAA36 /* PBXTargetDependency */ = {
			isa = PBXTargetDependency;
			target = 57F1DE851E547A2C007FAA36 /* ViewMakeScrollMenu */;
			targetProxy = 57F1DEA01E547A2C007FAA36 /* PBXContainerItemProxy */;
		};
		57F1DEAC1E547A2C007FAA36 /* PBXTargetDependency */ = {
			isa = PBXTargetDependency;
			target = 57F1DE851E547A2C007FAA36 /* ViewMakeScrollMenu */;
			targetProxy = 57F1DEAB1E547A2C007FAA36 /* PBXContainerItemProxy */;
		};
/* End PBXTargetDependency section */

/* Begin PBXVariantGroup section */
		57F1DE921E547A2C007FAA36 /* Main.storyboard */ = {
			isa = PBXVariantGroup;
			children = (
				57F1DE931E547A2C007FAA36 /* Base */,
			);
			name = Main.storyboard;
			sourceTree = "<group>";
		};
		57F1DE971E547A2C007FAA36 /* LaunchScreen.storyboard */ = {
			isa = PBXVariantGroup;
			children = (
				57F1DE981E547A2C007FAA36 /* Base */,
			);
			name = LaunchScreen.storyboard;
			sourceTree = "<group>";
		};
/* End PBXVariantGroup section */

/* Begin XCBuildConfiguration section */
		57F1DEB11E547A2C007FAA36 /* Debug */ = {
			isa = XCBuildConfiguration;
			buildSettings = {
				ALWAYS_SEARCH_USER_PATHS = NO;
				CLANG_ANALYZER_NONNULL = YES;
				CLANG_CXX_LANGUAGE_STANDARD = "gnu++0x";
				CLANG_CXX_LIBRARY = "libc++";
				CLANG_ENABLE_MODULES = YES;
				CLANG_ENABLE_OBJC_ARC = YES;
				CLANG_WARN_BOOL_CONVERSION = YES;
				CLANG_WARN_CONSTANT_CONVERSION = YES;
				CLANG_WARN_DIRECT_OBJC_ISA_USAGE = YES_ERROR;
				CLANG_WARN_DOCUMENTATION_COMMENTS = YES;
				CLANG_WARN_EMPTY_BODY = YES;
				CLANG_WARN_ENUM_CONVERSION = YES;
				CLANG_WARN_INFINITE_RECURSION = YES;
				CLANG_WARN_INT_CONVERSION = YES;
				CLANG_WARN_OBJC_ROOT_CLASS = YES_ERROR;
				CLANG_WARN_SUSPICIOUS_MOVE = YES;
				CLANG_WARN_UNREACHABLE_CODE = YES;
				CLANG_WARN__DUPLICATE_METHOD_MATCH = YES;
				"CODE_SIGN_IDENTITY[sdk=iphoneos*]" = "iPhone Developer";
				COPY_PHASE_STRIP = NO;
				DEBUG_INFORMATION_FORMAT = dwarf;
				ENABLE_STRICT_OBJC_MSGSEND = YES;
				ENABLE_TESTABILITY = YES;
				GCC_C_LANGUAGE_STANDARD = gnu99;
				GCC_DYNAMIC_NO_PIC = NO;
				GCC_NO_COMMON_BLOCKS = YES;
				GCC_OPTIMIZATION_LEVEL = 0;
				GCC_PREPROCESSOR_DEFINITIONS = (
					"DEBUG=1",
					"$(inherited)",
				);
				GCC_WARN_64_TO_32_BIT_CONVERSION = YES;
				GCC_WARN_ABOUT_RETURN_TYPE = YES_ERROR;
				GCC_WARN_UNDECLARED_SELECTOR = YES;
				GCC_WARN_UNINITIALIZED_AUTOS = YES_AGGRESSIVE;
				GCC_WARN_UNUSED_FUNCTION = YES;
				GCC_WARN_UNUSED_VARIABLE = YES;
				IPHONEOS_DEPLOYMENT_TARGET = 10.2;
				MTL_ENABLE_DEBUG_INFO = YES;
				ONLY_ACTIVE_ARCH = YES;
				SDKROOT = iphoneos;
			};
			name = Debug;
		};
		57F1DEB21E547A2C007FAA36 /* Release */ = {
			isa = XCBuildConfiguration;
			buildSettings = {
				ALWAYS_SEARCH_USER_PATHS = NO;
				CLANG_ANALYZER_NONNULL = YES;
				CLANG_CXX_LANGUAGE_STANDARD = "gnu++0x";
				CLANG_CXX_LIBRARY = "libc++";
				CLANG_ENABLE_MODULES = YES;
				CLANG_ENABLE_OBJC_ARC = YES;
				CLANG_WARN_BOOL_CONVERSION = YES;
				CLANG_WARN_CONSTANT_CONVERSION = YES;
				CLANG_WARN_DIRECT_OBJC_ISA_USAGE = YES_ERROR;
				CLANG_WARN_DOCUMENTATION_COMMENTS = YES;
				CLANG_WARN_EMPTY_BODY = YES;
				CLANG_WARN_ENUM_CONVERSION = YES;
				CLANG_WARN_INFINITE_RECURSION = YES;
				CLANG_WARN_INT_CONVERSION = YES;
				CLANG_WARN_OBJC_ROOT_CLASS = YES_ERROR;
				CLANG_WARN_SUSPICIOUS_MOVE = YES;
				CLANG_WARN_UNREACHABLE_CODE = YES;
				CLANG_WARN__DUPLICATE_METHOD_MATCH = YES;
				"CODE_SIGN_IDENTITY[sdk=iphoneos*]" = "iPhone Developer";
				COPY_PHASE_STRIP = NO;
				DEBUG_INFORMATION_FORMAT = "dwarf-with-dsym";
				ENABLE_NS_ASSERTIONS = NO;
				ENABLE_STRICT_OBJC_MSGSEND = YES;
				GCC_C_LANGUAGE_STANDARD = gnu99;
				GCC_NO_COMMON_BLOCKS = YES;
				GCC_WARN_64_TO_32_BIT_CONVERSION = YES;
				GCC_WARN_ABOUT_RETURN_TYPE = YES_ERROR;
				GCC_WARN_UNDECLARED_SELECTOR = YES;
				GCC_WARN_UNINITIALIZED_AUTOS = YES_AGGRESSIVE;
				GCC_WARN_UNUSED_FUNCTION = YES;
				GCC_WARN_UNUSED_VARIABLE = YES;
				IPHONEOS_DEPLOYMENT_TARGET = 10.2;
				MTL_ENABLE_DEBUG_INFO = NO;
				SDKROOT = iphoneos;
				VALIDATE_PRODUCT = YES;
			};
			name = Release;
		};
		57F1DEB41E547A2C007FAA36 /* Debug */ = {
			isa = XCBuildConfiguration;
			buildSettings = {
				ASSETCATALOG_COMPILER_APPICON_NAME = AppIcon;
				DEVELOPMENT_TEAM = E469FWXAAY;
				INFOPLIST_FILE = ViewMakeScrollMenu/Info.plist;
				LD_RUNPATH_SEARCH_PATHS = "$(inherited) @executable_path/Frameworks";
				PRODUCT_BUNDLE_IDENTIFIER = com.xby.ViewMakeScrollMenu;
				PRODUCT_NAME = "$(TARGET_NAME)";
			};
			name = Debug;
		};
		57F1DEB51E547A2C007FAA36 /* Release */ = {
			isa = XCBuildConfiguration;
			buildSettings = {
				ASSETCATALOG_COMPILER_APPICON_NAME = AppIcon;
				DEVELOPMENT_TEAM = E469FWXAAY;
				INFOPLIST_FILE = ViewMakeScrollMenu/Info.plist;
				LD_RUNPATH_SEARCH_PATHS = "$(inherited) @executable_path/Frameworks";
				PRODUCT_BUNDLE_IDENTIFIER = com.xby.ViewMakeScrollMenu;
				PRODUCT_NAME = "$(TARGET_NAME)";
			};
			name = Release;
		};
		57F1DEB71E547A2C007FAA36 /* Debug */ = {
			isa = XCBuildConfiguration;
			buildSettings = {
				BUNDLE_LOADER = "$(TEST_HOST)";
				DEVELOPMENT_TEAM = E469FWXAAY;
				INFOPLIST_FILE = ViewMakeScrollMenuTests/Info.plist;
				LD_RUNPATH_SEARCH_PATHS = "$(inherited) @executable_path/Frameworks @loader_path/Frameworks";
				PRODUCT_BUNDLE_IDENTIFIER = com.xby.ViewMakeScrollMenuTests;
				PRODUCT_NAME = "$(TARGET_NAME)";
				TEST_HOST = "$(BUILT_PRODUCTS_DIR)/ViewMakeScrollMenu.app/ViewMakeScrollMenu";
			};
			name = Debug;
		};
		57F1DEB81E547A2C007FAA36 /* Release */ = {
			isa = XCBuildConfiguration;
			buildSettings = {
				BUNDLE_LOADER = "$(TEST_HOST)";
				DEVELOPMENT_TEAM = E469FWXAAY;
				INFOPLIST_FILE = ViewMakeScrollMenuTests/Info.plist;
				LD_RUNPATH_SEARCH_PATHS = "$(inherited) @executable_path/Frameworks @loader_path/Frameworks";
				PRODUCT_BUNDLE_IDENTIFIER = com.xby.ViewMakeScrollMenuTests;
				PRODUCT_NAME = "$(TARGET_NAME)";
				TEST_HOST = "$(BUILT_PRODUCTS_DIR)/ViewMakeScrollMenu.app/ViewMakeScrollMenu";
			};
			name = Release;
		};
		57F1DEBA1E547A2C007FAA36 /* Debug */ = {
			isa = XCBuildConfiguration;
			buildSettings = {
				DEVELOPMENT_TEAM = E469FWXAAY;
				INFOPLIST_FILE = ViewMakeScrollMenuUITests/Info.plist;
				LD_RUNPATH_SEARCH_PATHS = "$(inherited) @executable_path/Frameworks @loader_path/Frameworks";
				PRODUCT_BUNDLE_IDENTIFIER = com.xby.ViewMakeScrollMenuUITests;
				PRODUCT_NAME = "$(TARGET_NAME)";
				TEST_TARGET_NAME = ViewMakeScrollMenu;
			};
			name = Debug;
		};
		57F1DEBB1E547A2C007FAA36 /* Release */ = {
			isa = XCBuildConfiguration;
			buildSettings = {
				DEVELOPMENT_TEAM = E469FWXAAY;
				INFOPLIST_FILE = ViewMakeScrollMenuUITests/Info.plist;
				LD_RUNPATH_SEARCH_PATHS = "$(inherited) @executable_path/Frameworks @loader_path/Frameworks";
				PRODUCT_BUNDLE_IDENTIFIER = com.xby.ViewMakeScrollMenuUITests;
				PRODUCT_NAME = "$(TARGET_NAME)";
				TEST_TARGET_NAME = ViewMakeScrollMenu;
			};
			name = Release;
		};
/* End XCBuildConfiguration section */

/* Begin XCConfigurationList section */
		57F1DE811E547A2C007FAA36 /* Build configuration list for PBXProject "ViewMakeScrollMenu" */ = {
			isa = XCConfigurationList;
			buildConfigurations = (
				57F1DEB11E547A2C007FAA36 /* Debug */,
				57F1DEB21E547A2C007FAA36 /* Release */,
			);
			defaultConfigurationIsVisible = 0;
			defaultConfigurationName = Release;
		};
		57F1DEB31E547A2C007FAA36 /* Build configuration list for PBXNativeTarget "ViewMakeScrollMenu" */ = {
			isa = XCConfigurationList;
			buildConfigurations = (
				57F1DEB41E547A2C007FAA36 /* Debug */,
				57F1DEB51E547A2C007FAA36 /* Release */,
			);
			defaultConfigurationIsVisible = 0;
		};
		57F1DEB61E547A2C007FAA36 /* Build configuration list for PBXNativeTarget "ViewMakeScrollMenuTests" */ = {
			isa = XCConfigurationList;
			buildConfigurations = (
				57F1DEB71E547A2C007FAA36 /* Debug */,
				57F1DEB81E547A2C007FAA36 /* Release */,
			);
			defaultConfigurationIsVisible = 0;
		};
		57F1DEB91E547A2C007FAA36 /* Build configuration list for PBXNativeTarget "ViewMakeScrollMenuUITests" */ = {
			isa = XCConfigurationList;
			buildConfigurations = (
				57F1DEBA1E547A2C007FAA36 /* Debug */,
				57F1DEBB1E547A2C007FAA36 /* Release */,
			);
			defaultConfigurationIsVisible = 0;
		};
/* End XCConfigurationList section */
	};
	rootObject = 57F1DE7E1E547A2C007FAA36 /* Project object */;
}
